{
  "nodes": {
    "nixpkgs": {
      "locked": {
        "lastModified": 1740530338,
        "narHash": "sha256-P71+tBhhSAYIxoNbO3bmi44sGiuANt2593F+M0rIZms=",
        "owner": "NixOS",
        "repo": "nixpkgs",
        "rev": "ff5974386b792626c2698a915b9c211b81cf4bad",
        "type": "github"
      },
      "original": {
        "owner": "NixOS",
        "repo": "nixpkgs",
        "type": "github"
      }
    },
    "root": {
      "inputs": {
        "nixpkgs": "nixpkgs"
      }
    }
  },
  "root": "root",
  "version": 7
}
