{
  "nodes": {
    "nixpkgs": {
      "locked": {
        "lastModified": 1744664057,
        "narHash": "sha256-ko1amqSBChiFXsKwBuvz1ECACtu7TQrHENTp5KswQAs=",
        "owner": "NixOS",
        "repo": "nixpkgs",
        "rev": "6773d41626206eb8dd2d6f48a13596da871e4331",
        "type": "github"
      },
      "original": {
        "owner": "NixOS",
        "repo": "nixpkgs",
        "type": "github"
      }
    },
    "root": {
      "inputs": {
        "nixpkgs": "nixpkgs"
      }
    }
  },
  "root": "root",
  "version": 7
}
